{
  "version": "4",
  "specifiers": {
    "jsr:@std/assert@^1.0.6": "1.0.6",
    "jsr:@std/expect@^1.0.6": "1.0.6",
    "jsr:@std/internal@^1.0.4": "1.0.4",
    "jsr:@std/testing@^1.0.3": "1.0.3",
    "npm:@plandek-utils/safe-compact@^1.1.3": "1.1.3",
    "npm:@plandek-utils/ts-parse-dayjs@^5.1.0": "5.1.0",
    "npm:@types/node@*": "22.5.4"
  },
  "jsr": {
    "@std/assert@1.0.6": {
      "integrity": "1904c05806a25d94fe791d6d883b685c9e2dcd60e4f9fc30f4fc5cf010c72207",
      "dependencies": [
        "jsr:@std/internal"
      ]
    },
    "@std/expect@1.0.6": {
      "integrity": "dffba969ca5ea6d7c39338d4985c9af2bfa6e080c710cc2b77756dd7657c369c",
      "dependencies": [
        "jsr:@std/assert",
        "jsr:@std/internal"
      ]
    },
    "@std/internal@1.0.4": {
      "integrity": "62e8e4911527e5e4f307741a795c0b0a9e6958d0b3790716ae71ce085f755422"
    },
    "@std/testing@1.0.3": {
      "integrity": "f98c2bee53860a5916727d7e7d3abe920dd6f9edace022e2d059f00d05c2cf42",
      "dependencies": [
        "jsr:@std/assert",
        "jsr:@std/internal"
      ]
    }
  },
  "npm": {
    "@plandek-utils/safe-compact@1.1.3": {
      "integrity": "sha512-T6ow8iqZMA8ew7YpI1G/bUsbuaR5X5+oTvPARbyHnM0WcK/sSkTtpEKQfvzWbQy0kO8Qt8fR7mamNewJ+7CzTw==",
      "dependencies": [
        "lodash"
      ]
    },
    "@plandek-utils/ts-parse-dayjs@5.1.0": {
      "integrity": "sha512-pUGSIs75EENVP2gFTfLxmuVX45oQMpTxGbnLMnPdGI1HLf3EEfFjzGDhsx27NbKEEve88r7N3JIqoepUjEv0og==",
      "dependencies": [
        "dayjs",
        "lodash"
      ]
    },
    "@types/node@22.5.4": {
      "integrity": "sha512-FDuKUJQm/ju9fT/SeX/6+gBzoPzlVCzfzmGkwKvRHQVxi4BntVbyIwf6a4Xn62mrvndLiml6z/UBXIdEVjQLXg==",
      "dependencies": [
        "undici-types"
      ]
    },
    "dayjs@1.11.13": {
      "integrity": "sha512-oaMBel6gjolK862uaPQOVTA7q3TZhuSvuMQAAglQDOWYO9A91IrAOUJEyKVlqJlHE0vq5p5UXxzdPfMH/x6xNg=="
    },
    "lodash@4.17.21": {
      "integrity": "sha512-v2kDEe57lecTulaDIuNTPy3Ry4gLGJ6Z1O3vE1krgXZNrsQ+LFTGHVxVjcXPs17LhbZVGedAJv8XZ1tvj5FvSg=="
    },
    "undici-types@6.19.8": {
      "integrity": "sha512-ve2KP6f/JnbPBFyobGHuerC9g1FYGn/F8n1LWTwNxCEzd6IfqTwUQcNXgEtmmQ6DlRrC1hrSrBnCZPokRrDHjw=="
    }
  },
  "workspace": {
    "dependencies": [
      "jsr:@std/assert@1",
      "jsr:@std/expect@^1.0.6",
      "jsr:@std/testing@^1.0.3",
      "npm:@plandek-utils/safe-compact@^1.1.3",
      "npm:@plandek-utils/ts-parse-dayjs@^5.1.0"
    ]
  }
}
